
Microsoft Visual Studio Solution File, Format Version 12.00
# Visual Studio Version 16
VisualStudioVersion = 16.0.29326.143
MinimumVisualStudioVersion = 10.0.40219.1
Project("{9A19103F-16F7-4668-BE54-9A1E7A4F7556}") = "WebApplication1", "WebApplication1\WebApplication1.csproj", "{08F9B3F3-B8F7-49EA-B92C-800C0D5F50A2}"
	ProjectSection(ProjectDependencies) = postProject
		{AB5F8DF0-80DF-49CA-B7EA-7239470E8A56} = {AB5F8DF0-80DF-49CA-B7EA-7239470E8A56}
	EndProjectSection
EndProject
Project("{9A19103F-16F7-4668-BE54-9A1E7A4F7556}") = "DataLayer", "DataLayer\DataLayer.csproj", "{AB5F8DF0-80DF-49CA-B7EA-7239470E8A56}"
EndProject
Project("{9A19103F-16F7-4668-BE54-9A1E7A4F7556}") = "BusinessLayer", "BusinessLayer\BusinessLayer.csproj", "{3423A09A-3667-4926-9AD4-C105FBFE2108}"
EndProject
Project("{FAE04EC0-301F-11D3-BF4B-00C04F79EFBC}") = "PresentationLayer", "PresentationLayer\PresentationLayer.csproj", "{1AE4ACF8-6714-4F03-A8BA-B0B5B566292F}"
EndProject
Global
	GlobalSection(SolutionConfigurationPlatforms) = preSolution
		Debug|Any CPU = Debug|Any CPU
		Release|Any CPU = Release|Any CPU
	EndGlobalSection
	GlobalSection(ProjectConfigurationPlatforms) = postSolution
		{08F9B3F3-B8F7-49EA-B92C-800C0D5F50A2}.Debug|Any CPU.ActiveCfg = Debug|Any CPU
		{08F9B3F3-B8F7-49EA-B92C-800C0D5F50A2}.Debug|Any CPU.Build.0 = Debug|Any CPU
		{08F9B3F3-B8F7-49EA-B92C-800C0D5F50A2}.Release|Any CPU.ActiveCfg = Release|Any CPU
		{08F9B3F3-B8F7-49EA-B92C-800C0D5F50A2}.Release|Any CPU.Build.0 = Release|Any CPU
		{AB5F8DF0-80DF-49CA-B7EA-7239470E8A56}.Debug|Any CPU.ActiveCfg = Debug|Any CPU
		{AB5F8DF0-80DF-49CA-B7EA-7239470E8A56}.Debug|Any CPU.Build.0 = Debug|Any CPU
		{AB5F8DF0-80DF-49CA-B7EA-7239470E8A56}.Release|Any CPU.ActiveCfg = Release|Any CPU
		{AB5F8DF0-80DF-49CA-B7EA-7239470E8A56}.Release|Any CPU.Build.0 = Release|Any CPU
		{3423A09A-3667-4926-9AD4-C105FBFE2108}.Debug|Any CPU.ActiveCfg = Debug|Any CPU
		{3423A09A-3667-4926-9AD4-C105FBFE2108}.Debug|Any CPU.Build.0 = Debug|Any CPU
		{3423A09A-3667-4926-9AD4-C105FBFE2108}.Release|Any CPU.ActiveCfg = Release|Any CPU
		{3423A09A-3667-4926-9AD4-C105FBFE2108}.Release|Any CPU.Build.0 = Release|Any CPU
		{1AE4ACF8-6714-4F03-A8BA-B0B5B566292F}.Debug|Any CPU.ActiveCfg = Debug|Any CPU
		{1AE4ACF8-6714-4F03-A8BA-B0B5B566292F}.Debug|Any CPU.Build.0 = Debug|Any CPU
		{1AE4ACF8-6714-4F03-A8BA-B0B5B566292F}.Release|Any CPU.ActiveCfg = Release|Any CPU
		{1AE4ACF8-6714-4F03-A8BA-B0B5B566292F}.Release|Any CPU.Build.0 = Release|Any CPU
	EndGlobalSection
	GlobalSection(SolutionProperties) = preSolution
		HideSolutionNode = FALSE
	EndGlobalSection
	GlobalSection(ExtensibilityGlobals) = postSolution
		SolutionGuid = {1F389D83-677D-40F6-8B38-3321E031E7D9}
	EndGlobalSection
EndGlobal
